// !$*UTF8*$!
{
	archiveVersion = 1;
	classes = {
	};
	objectVersion = 50;
	objects = {

/* Begin PBXBuildFile section */
		642242DC253E0F710080D6E3 /* AppDelegate.swift in Sources */ = {isa = PBXBuildFile; fileRef = 642242DB253E0F710080D6E3 /* AppDelegate.swift */; };
		642242DE253E0F710080D6E3 /* ViewController.swift in Sources */ = {isa = PBXBuildFile; fileRef = 642242DD253E0F710080D6E3 /* ViewController.swift */; };
		642242E1253E0F710080D6E3 /* Main.storyboard in Resources */ = {isa = PBXBuildFile; fileRef = 642242DF253E0F710080D6E3 /* Main.storyboard */; };
		642242E3253E0F730080D6E3 /* Assets.xcassets in Resources */ = {isa = PBXBuildFile; fileRef = 642242E2253E0F730080D6E3 /* Assets.xcassets */; };
		642242E6253E0F730080D6E3 /* LaunchScreen.storyboard in Resources */ = {isa = PBXBuildFile; fileRef = 642242E4253E0F730080D6E3 /* LaunchScreen.storyboard */; };
		F02E06547279E846C9D76088 /* Pods_FastlaneDemoOne.framework in Frameworks */ = {isa = PBXBuildFile; fileRef = 5B7E50E87E7C2404FB3A7093 /* Pods_FastlaneDemoOne.framework */; };
/* End PBXBuildFile section */

/* Begin PBXFileReference section */
		5B7E50E87E7C2404FB3A7093 /* Pods_FastlaneDemoOne.framework */ = {isa = PBXFileReference; explicitFileType = wrapper.framework; includeInIndex = 0; path = Pods_FastlaneDemoOne.framework; sourceTree = BUILT_PRODUCTS_DIR; };
		642242D8253E0F710080D6E3 /* FastlaneDemoOne.app */ = {isa = PBXFileReference; explicitFileType = wrapper.application; includeInIndex = 0; path = FastlaneDemoOne.app; sourceTree = BUILT_PRODUCTS_DIR; };
		642242DB253E0F710080D6E3 /* AppDelegate.swift */ = {isa = PBXFileReference; lastKnownFileType = sourcecode.swift; path = AppDelegate.swift; sourceTree = "<group>"; };
		642242DD253E0F710080D6E3 /* ViewController.swift */ = {isa = PBXFileReference; lastKnownFileType = sourcecode.swift; path = ViewController.swift; sourceTree = "<group>"; };
		642242E0253E0F710080D6E3 /* Base */ = {isa = PBXFileReference; lastKnownFileType = file.storyboard; name = Base; path = Base.lproj/Main.storyboard; sourceTree = "<group>"; };
		642242E2253E0F730080D6E3 /* Assets.xcassets */ = {isa = PBXFileReference; lastKnownFileType = folder.assetcatalog; path = Assets.xcassets; sourceTree = "<group>"; };
		642242E5253E0F730080D6E3 /* Base */ = {isa = PBXFileReference; lastKnownFileType = file.storyboard; name = Base; path = Base.lproj/LaunchScreen.storyboard; sourceTree = "<group>"; };
		642242E7253E0F730080D6E3 /* Info.plist */ = {isa = PBXFileReference; lastKnownFileType = text.plist.xml; path = Info.plist; sourceTree = "<group>"; };
		6CFEAF9B75F56945B41D5DCE /* Pods-FastlaneDemoOne.debug.xcconfig */ = {isa = PBXFileReference; includeInIndex = 1; lastKnownFileType = text.xcconfig; name = "Pods-FastlaneDemoOne.debug.xcconfig"; path = "Target Support Files/Pods-FastlaneDemoOne/Pods-FastlaneDemoOne.debug.xcconfig"; sourceTree = "<group>"; };
		E811A240E7700131C02161FF /* Pods-FastlaneDemoOne.release.xcconfig */ = {isa = PBXFileReference; includeInIndex = 1; lastKnownFileType = text.xcconfig; name = "Pods-FastlaneDemoOne.release.xcconfig"; path = "Target Support Files/Pods-FastlaneDemoOne/Pods-FastlaneDemoOne.release.xcconfig"; sourceTree = "<group>"; };
/* End PBXFileReference section */

/* Begin PBXFrameworksBuildPhase section */
		642242D5253E0F710080D6E3 /* Frameworks */ = {
			isa = PBXFrameworksBuildPhase;
			buildActionMask = 2147483647;
			files = (
				F02E06547279E846C9D76088 /* Pods_FastlaneDemoOne.framework in Frameworks */,
			);
			runOnlyForDeploymentPostprocessing = 0;
		};
/* End PBXFrameworksBuildPhase section */

/* Begin PBXGroup section */
		642242CF253E0F710080D6E3 = {
			isa = PBXGroup;
			children = (
				642242DA253E0F710080D6E3 /* FastlaneDemoOne */,
				642242D9253E0F710080D6E3 /* Products */,
				CBB99DF179A981B12A78D33C /* Pods */,
				6A4CAFC820EA6DAF73D39DA7 /* Frameworks */,
			);
			sourceTree = "<group>";
		};
		642242D9253E0F710080D6E3 /* Products */ = {
			isa = PBXGroup;
			children = (
				642242D8253E0F710080D6E3 /* FastlaneDemoOne.app */,
			);
			name = Products;
			sourceTree = "<group>";
		};
		642242DA253E0F710080D6E3 /* FastlaneDemoOne */ = {
			isa = PBXGroup;
			children = (
				642242DB253E0F710080D6E3 /* AppDelegate.swift */,
				642242DD253E0F710080D6E3 /* ViewController.swift */,
				642242DF253E0F710080D6E3 /* Main.storyboard */,
				642242E2253E0F730080D6E3 /* Assets.xcassets */,
				642242E4253E0F730080D6E3 /* LaunchScreen.storyboard */,
				642242E7253E0F730080D6E3 /* Info.plist */,
			);
			path = FastlaneDemoOne;
			sourceTree = "<group>";
		};
		6A4CAFC820EA6DAF73D39DA7 /* Frameworks */ = {
			isa = PBXGroup;
			children = (
				5B7E50E87E7C2404FB3A7093 /* Pods_FastlaneDemoOne.framework */,
			);
			name = Frameworks;
			sourceTree = "<group>";
		};
		CBB99DF179A981B12A78D33C /* Pods */ = {
			isa = PBXGroup;
			children = (
				6CFEAF9B75F56945B41D5DCE /* Pods-FastlaneDemoOne.debug.xcconfig */,
				E811A240E7700131C02161FF /* Pods-FastlaneDemoOne.release.xcconfig */,
			);
			name = Pods;
			path = Pods;
			sourceTree = "<group>";
		};
/* End PBXGroup section */

/* Begin PBXNativeTarget section */
		642242D7253E0F710080D6E3 /* FastlaneDemoOne */ = {
			isa = PBXNativeTarget;
			buildConfigurationList = 642242EA253E0F730080D6E3 /* Build configuration list for PBXNativeTarget "FastlaneDemoOne" */;
			buildPhases = (
				55F20B3B87A855AE28975142 /* [CP] Check Pods Manifest.lock */,
				642242D4253E0F710080D6E3 /* Sources */,
				642242D5253E0F710080D6E3 /* Frameworks */,
				642242D6253E0F710080D6E3 /* Resources */,
			);
			buildRules = (
			);
			dependencies = (
			);
			name = FastlaneDemoOne;
			productName = FastlaneDemoOne;
			productReference = 642242D8253E0F710080D6E3 /* FastlaneDemoOne.app */;
			productType = "com.apple.product-type.application";
		};
/* End PBXNativeTarget section */

/* Begin PBXProject section */
		642242D0253E0F710080D6E3 /* Project object */ = {
			isa = PBXProject;
			attributes = {
				LastSwiftUpdateCheck = 1030;
				LastUpgradeCheck = 1030;
				ORGANIZATIONNAME = "Webcubator Technologies LLP";
				TargetAttributes = {
					642242D7253E0F710080D6E3 = {
						CreatedOnToolsVersion = 10.3;
					};
				};
			};
			buildConfigurationList = 642242D3253E0F710080D6E3 /* Build configuration list for PBXProject "FastlaneDemoOne" */;
			compatibilityVersion = "Xcode 9.3";
			developmentRegion = en;
			hasScannedForEncodings = 0;
			knownRegions = (
				en,
				Base,
			);
			mainGroup = 642242CF253E0F710080D6E3;
			productRefGroup = 642242D9253E0F710080D6E3 /* Products */;
			projectDirPath = "";
			projectRoot = "";
			targets = (
				642242D7253E0F710080D6E3 /* FastlaneDemoOne */,
			);
		};
/* End PBXProject section */

/* Begin PBXResourcesBuildPhase section */
		642242D6253E0F710080D6E3 /* Resources */ = {
			isa = PBXResourcesBuildPhase;
			buildActionMask = 2147483647;
			files = (
				642242E6253E0F730080D6E3 /* LaunchScreen.storyboard in Resources */,
				642242E3253E0F730080D6E3 /* Assets.xcassets in Resources */,
				642242E1253E0F710080D6E3 /* Main.storyboard in Resources */,
			);
			runOnlyForDeploymentPostprocessing = 0;
		};
/* End PBXResourcesBuildPhase section */

/* Begin PBXShellScriptBuildPhase section */
		55F20B3B87A855AE28975142 /* [CP] Check Pods Manifest.lock */ = {
			isa = PBXShellScriptBuildPhase;
			buildActionMask = 2147483647;
			files = (
			);
			inputFileListPaths = (
			);
			inputPaths = (
				"${PODS_PODFILE_DIR_PATH}/Podfile.lock",
				"${PODS_ROOT}/Manifest.lock",
			);
			name = "[CP] Check Pods Manifest.lock";
			outputFileListPaths = (
			);
			outputPaths = (
				"$(DERIVED_FILE_DIR)/Pods-FastlaneDemoOne-checkManifestLockResult.txt",
			);
			runOnlyForDeploymentPostprocessing = 0;
			shellPath = /bin/sh;
			shellScript = "diff \"${PODS_PODFILE_DIR_PATH}/Podfile.lock\" \"${PODS_ROOT}/Manifest.lock\" > /dev/null\nif [ $? != 0 ] ; then\n    # print error to STDERR\n    echo \"error: The sandbox is not in sync with the Podfile.lock. Run 'pod install' or update your CocoaPods installation.\" >&2\n    exit 1\nfi\n# This output is used by Xcode 'outputs' to avoid re-running this script phase.\necho \"SUCCESS\" > \"${SCRIPT_OUTPUT_FILE_0}\"\n";
			showEnvVarsInLog = 0;
		};
/* End PBXShellScriptBuildPhase section */

/* Begin PBXSourcesBuildPhase section */
		642242D4253E0F710080D6E3 /* Sources */ = {
			isa = PBXSourcesBuildPhase;
			buildActionMask = 2147483647;
			files = (
				642242DE253E0F710080D6E3 /* ViewController.swift in Sources */,
				642242DC253E0F710080D6E3 /* AppDelegate.swift in Sources */,
			);
			runOnlyForDeploymentPostprocessing = 0;
		};
/* End PBXSourcesBuildPhase section */

/* Begin PBXVariantGroup section */
		642242DF253E0F710080D6E3 /* Main.storyboard */ = {
			isa = PBXVariantGroup;
			children = (
				642242E0253E0F710080D6E3 /* Base */,
			);
			name = Main.storyboard;
			sourceTree = "<group>";
		};
		642242E4253E0F730080D6E3 /* LaunchScreen.storyboard */ = {
			isa = PBXVariantGroup;
			children = (
				642242E5253E0F730080D6E3 /* Base */,
			);
			name = LaunchScreen.storyboard;
			sourceTree = "<group>";
		};
/* End PBXVariantGroup section */

/* Begin XCBuildConfiguration section */
		642242E8253E0F730080D6E3 /* Debug */ = {
			isa = XCBuildConfiguration;
			buildSettings = {
				ALWAYS_SEARCH_USER_PATHS = NO;
				CLANG_ANALYZER_NONNULL = YES;
				CLANG_ANALYZER_NUMBER_OBJECT_CONVERSION = YES_AGGRESSIVE;
				CLANG_CXX_LANGUAGE_STANDARD = "gnu++14";
				CLANG_CXX_LIBRARY = "libc++";
				CLANG_ENABLE_MODULES = YES;
				CLANG_ENABLE_OBJC_ARC = YES;
				CLANG_ENABLE_OBJC_WEAK = YES;
				CLANG_WARN_BLOCK_CAPTURE_AUTORELEASING = YES;
				CLANG_WARN_BOOL_CONVERSION = YES;
				CLANG_WARN_COMMA = YES;
				CLANG_WARN_CONSTANT_CONVERSION = YES;
				CLANG_WARN_DEPRECATED_OBJC_IMPLEMENTATIONS = YES;
				CLANG_WARN_DIRECT_OBJC_ISA_USAGE = YES_ERROR;
				CLANG_WARN_DOCUMENTATION_COMMENTS = YES;
				CLANG_WARN_EMPTY_BODY = YES;
				CLANG_WARN_ENUM_CONVERSION = YES;
				CLANG_WARN_INFINITE_RECURSION = YES;
				CLANG_WARN_INT_CONVERSION = YES;
				CLANG_WARN_NON_LITERAL_NULL_CONVERSION = YES;
				CLANG_WARN_OBJC_IMPLICIT_RETAIN_SELF = YES;
				CLANG_WARN_OBJC_LITERAL_CONVERSION = YES;
				CLANG_WARN_OBJC_ROOT_CLASS = YES_ERROR;
				CLANG_WARN_RANGE_LOOP_ANALYSIS = YES;
				CLANG_WARN_STRICT_PROTOTYPES = YES;
				CLANG_WARN_SUSPICIOUS_MOVE = YES;
				CLANG_WARN_UNGUARDED_AVAILABILITY = YES_AGGRESSIVE;
				CLANG_WARN_UNREACHABLE_CODE = YES;
				CLANG_WARN__DUPLICATE_METHOD_MATCH = YES;
				CODE_SIGN_IDENTITY = "iPhone Developer";
				COPY_PHASE_STRIP = NO;
				DEBUG_INFORMATION_FORMAT = dwarf;
				ENABLE_STRICT_OBJC_MSGSEND = YES;
				ENABLE_TESTABILITY = YES;
				GCC_C_LANGUAGE_STANDARD = gnu11;
				GCC_DYNAMIC_NO_PIC = NO;
				GCC_NO_COMMON_BLOCKS = YES;
				GCC_OPTIMIZATION_LEVEL = 0;
				GCC_PREPROCESSOR_DEFINITIONS = (
					"DEBUG=1",
					"$(inherited)",
				);
				GCC_WARN_64_TO_32_BIT_CONVERSION = YES;
				GCC_WARN_ABOUT_RETURN_TYPE = YES_ERROR;
				GCC_WARN_UNDECLARED_SELECTOR = YES;
				GCC_WARN_UNINITIALIZED_AUTOS = YES_AGGRESSIVE;
				GCC_WARN_UNUSED_FUNCTION = YES;
				GCC_WARN_UNUSED_VARIABLE = YES;
				IPHONEOS_DEPLOYMENT_TARGET = 12.4;
				MTL_ENABLE_DEBUG_INFO = INCLUDE_SOURCE;
				MTL_FAST_MATH = YES;
				ONLY_ACTIVE_ARCH = YES;
				SDKROOT = iphoneos;
				SWIFT_ACTIVE_COMPILATION_CONDITIONS = DEBUG;
				SWIFT_OPTIMIZATION_LEVEL = "-Onone";
			};
			name = Debug;
		};
		642242E9253E0F730080D6E3 /* Release */ = {
			isa = XCBuildConfiguration;
			buildSettings = {
				ALWAYS_SEARCH_USER_PATHS = NO;
				CLANG_ANALYZER_NONNULL = YES;
				CLANG_ANALYZER_NUMBER_OBJECT_CONVERSION = YES_AGGRESSIVE;
				CLANG_CXX_LANGUAGE_STANDARD = "gnu++14";
				CLANG_CXX_LIBRARY = "libc++";
				CLANG_ENABLE_MODULES = YES;
				CLANG_ENABLE_OBJC_ARC = YES;
				CLANG_ENABLE_OBJC_WEAK = YES;
				CLANG_WARN_BLOCK_CAPTURE_AUTORELEASING = YES;
				CLANG_WARN_BOOL_CONVERSION = YES;
				CLANG_WARN_COMMA = YES;
				CLANG_WARN_CONSTANT_CONVERSION = YES;
				CLANG_WARN_DEPRECATED_OBJC_IMPLEMENTATIONS = YES;
				CLANG_WARN_DIRECT_OBJC_ISA_USAGE = YES_ERROR;
				CLANG_WARN_DOCUMENTATION_COMMENTS = YES;
				CLANG_WARN_EMPTY_BODY = YES;
				CLANG_WARN_ENUM_CONVERSION = YES;
				CLANG_WARN_INFINITE_RECURSION = YES;
				CLANG_WARN_INT_CONVERSION = YES;
				CLANG_WARN_NON_LITERAL_NULL_CONVERSION = YES;
				CLANG_WARN_OBJC_IMPLICIT_RETAIN_SELF = YES;
				CLANG_WARN_OBJC_LITERAL_CONVERSION = YES;
				CLANG_WARN_OBJC_ROOT_CLASS = YES_ERROR;
				CLANG_WARN_RANGE_LOOP_ANALYSIS = YES;
				CLANG_WARN_STRICT_PROTOTYPES = YES;
				CLANG_WARN_SUSPICIOUS_MOVE = YES;
				CLANG_WARN_UNGUARDED_AVAILABILITY = YES_AGGRESSIVE;
				CLANG_WARN_UNREACHABLE_CODE = YES;
				CLANG_WARN__DUPLICATE_METHOD_MATCH = YES;
				CODE_SIGN_IDENTITY = "iPhone Developer";
				COPY_PHASE_STRIP = NO;
				DEBUG_INFORMATION_FORMAT = "dwarf-with-dsym";
				ENABLE_NS_ASSERTIONS = NO;
				ENABLE_STRICT_OBJC_MSGSEND = YES;
				GCC_C_LANGUAGE_STANDARD = gnu11;
				GCC_NO_COMMON_BLOCKS = YES;
				GCC_WARN_64_TO_32_BIT_CONVERSION = YES;
				GCC_WARN_ABOUT_RETURN_TYPE = YES_ERROR;
				GCC_WARN_UNDECLARED_SELECTOR = YES;
				GCC_WARN_UNINITIALIZED_AUTOS = YES_AGGRESSIVE;
				GCC_WARN_UNUSED_FUNCTION = YES;
				GCC_WARN_UNUSED_VARIABLE = YES;
				IPHONEOS_DEPLOYMENT_TARGET = 12.4;
				MTL_ENABLE_DEBUG_INFO = NO;
				MTL_FAST_MATH = YES;
				SDKROOT = iphoneos;
				SWIFT_COMPILATION_MODE = wholemodule;
				SWIFT_OPTIMIZATION_LEVEL = "-O";
				VALIDATE_PRODUCT = YES;
			};
			name = Release;
		};
		642242EB253E0F730080D6E3 /* Debug */ = {
			isa = XCBuildConfiguration;
			baseConfigurationReference = 6CFEAF9B75F56945B41D5DCE /* Pods-FastlaneDemoOne.debug.xcconfig */;
			buildSettings = {
				ASSETCATALOG_COMPILER_APPICON_NAME = AppIcon;
				CODE_SIGN_STYLE = Automatic;
				DEVELOPMENT_TEAM = 9PZ48NZ29N;
				INFOPLIST_FILE = FastlaneDemoOne/Info.plist;
				LD_RUNPATH_SEARCH_PATHS = (
					"$(inherited)",
					"@executable_path/Frameworks",
				);
				PRODUCT_BUNDLE_IDENTIFIER = com.hurekatek.fastlaneDemo.FastlaneDemoOne;
				PRODUCT_NAME = "$(TARGET_NAME)";
				SWIFT_VERSION = 5.0;
				TARGETED_DEVICE_FAMILY = "1,2";
			};
			name = Debug;
		};
		642242EC253E0F730080D6E3 /* Release */ = {
			isa = XCBuildConfiguration;
			baseConfigurationReference = E811A240E7700131C02161FF /* Pods-FastlaneDemoOne.release.xcconfig */;
			buildSettings = {
				ASSETCATALOG_COMPILER_APPICON_NAME = AppIcon;
				CODE_SIGN_STYLE = Automatic;
				DEVELOPMENT_TEAM = 9PZ48NZ29N;
				INFOPLIST_FILE = FastlaneDemoOne/Info.plist;
				LD_RUNPATH_SEARCH_PATHS = (
					"$(inherited)",
					"@executable_path/Frameworks",
				);
				PRODUCT_BUNDLE_IDENTIFIER = com.hurekatek.fastlaneDemo.FastlaneDemoOne;
				PRODUCT_NAME = "$(TARGET_NAME)";
				SWIFT_VERSION = 5.0;
				TARGETED_DEVICE_FAMILY = "1,2";
			};
			name = Release;
		};
/* End XCBuildConfiguration section */

/* Begin XCConfigurationList section */
		642242D3253E0F710080D6E3 /* Build configuration list for PBXProject "FastlaneDemoOne" */ = {
			isa = XCConfigurationList;
			buildConfigurations = (
				642242E8253E0F730080D6E3 /* Debug */,
				642242E9253E0F730080D6E3 /* Release */,
			);
			defaultConfigurationIsVisible = 0;
			defaultConfigurationName = Release;
		};
		642242EA253E0F730080D6E3 /* Build configuration list for PBXNativeTarget "FastlaneDemoOne" */ = {
			isa = XCConfigurationList;
			buildConfigurations = (
				642242EB253E0F730080D6E3 /* Debug */,
				642242EC253E0F730080D6E3 /* Release */,
			);
			defaultConfigurationIsVisible = 0;
			defaultConfigurationName = Release;
		};
/* End XCConfigurationList section */
	};
	rootObject = 642242D0253E0F710080D6E3 /* Project object */;
}
